
Microsoft Visual Studio Solution File, Format Version 12.00
# Visual Studio Version 17
VisualStudioVersion = 17.3.32819.101
MinimumVisualStudioVersion = 10.0.40219.1
Project("{2150E333-8FDC-42A3-9474-1A3956D46DE8}") = "Api", "Api", "{6CD4C779-3EDD-4A36-BD10-C55FB27AAAAA}"
EndProject
Project("{2150E333-8FDC-42A3-9474-1A3956D46DE8}") = "src", "src", "{57919DE2-F53D-401C-B4C4-407053CE83E5}"
EndProject
Project("{2150E333-8FDC-42A3-9474-1A3956D46DE8}") = "Core", "Core", "{C45A4305-26BA-49B5-B9EF-0AEADA7A5385}"
EndProject
Project("{2150E333-8FDC-42A3-9474-1A3956D46DE8}") = "Infrastructure", "Infrastructure", "{ECC4EF6F-CDAE-4C35-B088-58C82699E6FE}"
EndProject
Project("{2150E333-8FDC-42A3-9474-1A3956D46DE8}") = "UI", "UI", "{9E661914-7817-4140-8EB4-41A0574AE24F}"
EndProject
Project("{2150E333-8FDC-42A3-9474-1A3956D46DE8}") = "test", "test", "{D5EE165C-0C9C-4ADB-B9A8-E685E56671D2}"
EndProject
Project("{FAE04EC0-301F-11D3-BF4B-00C04F79EFBC}") = "Micro.Net.Api", "Micro.Net.Api\Micro.Net.Api.csproj", "{616ACDBC-E8FE-42D8-AB11-B2AC5372D620}"
EndProject
Global
	GlobalSection(SolutionConfigurationPlatforms) = preSolution
		Debug|Any CPU = Debug|Any CPU
		Release|Any CPU = Release|Any CPU
	EndGlobalSection
	GlobalSection(ProjectConfigurationPlatforms) = postSolution
		{616ACDBC-E8FE-42D8-AB11-B2AC5372D620}.Debug|Any CPU.ActiveCfg = Debug|Any CPU
		{616ACDBC-E8FE-42D8-AB11-B2AC5372D620}.Debug|Any CPU.Build.0 = Debug|Any CPU
		{616ACDBC-E8FE-42D8-AB11-B2AC5372D620}.Release|Any CPU.ActiveCfg = Release|Any CPU
		{616ACDBC-E8FE-42D8-AB11-B2AC5372D620}.Release|Any CPU.Build.0 = Release|Any CPU
	EndGlobalSection
	GlobalSection(SolutionProperties) = preSolution
		HideSolutionNode = FALSE
	EndGlobalSection
	GlobalSection(NestedProjects) = preSolution
		{6CD4C779-3EDD-4A36-BD10-C55FB27AAAAA} = {57919DE2-F53D-401C-B4C4-407053CE83E5}
		{C45A4305-26BA-49B5-B9EF-0AEADA7A5385} = {57919DE2-F53D-401C-B4C4-407053CE83E5}
		{ECC4EF6F-CDAE-4C35-B088-58C82699E6FE} = {57919DE2-F53D-401C-B4C4-407053CE83E5}
		{9E661914-7817-4140-8EB4-41A0574AE24F} = {57919DE2-F53D-401C-B4C4-407053CE83E5}
		{616ACDBC-E8FE-42D8-AB11-B2AC5372D620} = {6CD4C779-3EDD-4A36-BD10-C55FB27AAAAA}
	EndGlobalSection
	GlobalSection(ExtensibilityGlobals) = postSolution
		SolutionGuid = {DAADD77C-93C5-42DF-9233-D92E7C496F85}
	EndGlobalSection
EndGlobal
